{
  "projects": [
    {
      "projectId": "buzXQZLRHRnzx37qjmm2UD",
      "version": "latest",
      "dependencies": {
        "YUiM7yqBWAqsh8KSnrdj7": "0.29.0",
        "ohDidvG9XsCeFumugENU3J": "6.24.0",
        "caTPwKxj5ZrD9LQ7DMdK4Z": "3.36.0"
      },
      "lang": "ts",
      "fileLocks": [
        {
          "type": "globalVariant",
          "assetId": "QMnoZxzMSrxr",
          "checksum": "58521a06ebb1e2cd3fa688a0d74d3e80"
        },
        {
          "type": "renderModule",
          "assetId": "Z2--9s1Pjn-v",
          "checksum": "61ed074a39d67ecd4032165710f2a097"
        },
        {
          "type": "cssRules",
          "assetId": "Z2--9s1Pjn-v",
          "checksum": "61ed074a39d67ecd4032165710f2a097"
        },
        {
          "assetId": "buzXQZLRHRnzx37qjmm2UD",
          "checksum": "310c703ee21e8db4fb6f13f9154d2e14",
          "type": "globalContexts"
        },
        {
          "type": "renderModule",
          "assetId": "qqFD2GcyeBVD",
          "checksum": "d5001c40f1332cd5580d800bb9893597"
        },
        {
          "type": "cssRules",
          "assetId": "qqFD2GcyeBVD",
          "checksum": "d5001c40f1332cd5580d800bb9893597"
        },
        {
          "type": "renderModule",
          "assetId": "9Juzr8j2x2AR",
          "checksum": "a35b77dc1f1764008c7f979878b13143"
        },
        {
          "type": "cssRules",
          "assetId": "9Juzr8j2x2AR",
          "checksum": "a35b77dc1f1764008c7f979878b13143"
        },
        {
          "type": "renderModule",
          "assetId": "oevT7TIldYMC",
          "checksum": "cfbfac55ec0a0bbb3472925402fcd6b2"
        },
        {
          "type": "cssRules",
          "assetId": "oevT7TIldYMC",
          "checksum": "cfbfac55ec0a0bbb3472925402fcd6b2"
        },
        {
          "type": "renderModule",
          "assetId": "dLDSQ4pjpCqV",
          "checksum": "f247477a7260d0e7d44dfcbefa02b8fe"
        },
        {
          "type": "cssRules",
          "assetId": "dLDSQ4pjpCqV",
          "checksum": "f247477a7260d0e7d44dfcbefa02b8fe"
        },
        {
          "type": "renderModule",
          "assetId": "IBzB1z8_37wm",
          "checksum": "1ebd1acca6c99d3f1badbdeb3bbb0cb7"
        },
        {
          "type": "cssRules",
          "assetId": "IBzB1z8_37wm",
          "checksum": "1ebd1acca6c99d3f1badbdeb3bbb0cb7"
        },
        {
          "assetId": "buzXQZLRHRnzx37qjmm2UD",
          "type": "projectCss",
          "checksum": "5ba646f71a6f373bd2f3af5db9728ab0"
        }
      ],
      "codegenVersion": "0.0.1"
    },
    {
      "projectId": "ohDidvG9XsCeFumugENU3J",
      "version": "6.24.0",
      "dependencies": {},
      "lang": "ts",
      "fileLocks": [
        {
          "assetId": "ohDidvG9XsCeFumugENU3J",
          "type": "projectCss",
          "checksum": "fd83b730367fdbde2c69bc6cf31c2a3c"
        },
        {
          "assetId": "ohDidvG9XsCeFumugENU3J",
          "checksum": "de0a0e65174a6a185a8f822af51c6bdd",
          "type": "globalContexts"
        }
      ],
      "codegenVersion": "0.0.1"
    },
    {
      "projectId": "YUiM7yqBWAqsh8KSnrdj7",
      "version": "0.29.0",
      "dependencies": {},
      "lang": "ts",
      "fileLocks": [
        {
          "assetId": "YUiM7yqBWAqsh8KSnrdj7",
          "type": "projectCss",
          "checksum": "111e2ae00744bcb5cc28bba41d8d0f1d"
        }
      ],
      "codegenVersion": "0.0.1"
    },
    {
      "projectId": "caTPwKxj5ZrD9LQ7DMdK4Z",
      "version": "3.36.0",
      "dependencies": {},
      "lang": "ts",
      "fileLocks": [
        {
          "assetId": "caTPwKxj5ZrD9LQ7DMdK4Z",
          "type": "projectCss",
          "checksum": "e1ec850476829c38b0f9b6d4f7ac446a"
        }
      ],
      "codegenVersion": "0.0.1"
    }
  ],
  "cliVersion": "0.1.330"
}
